
Microsoft Visual Studio Solution File, Format Version 12.00
# Visual Studio Version 17
VisualStudioVersion = 17.0.32112.339
MinimumVisualStudioVersion = 10.0.40219.1
Project("{8BC9CEB8-8B4A-11D0-8D11-00A0C91BC942}") = "Game", "Game\Game.vcxproj", "{E124E036-9479-42D2-8369-8E775916E758}"
EndProject
Global
	GlobalSection(SolutionConfigurationPlatforms) = preSolution
		Debug|x64 = Debug|x64
		Debug|x86 = Debug|x86
		Release|x64 = Release|x64
		Release|x86 = Release|x86
	EndGlobalSection
	GlobalSection(ProjectConfigurationPlatforms) = postSolution
		{E124E036-9479-42D2-8369-8E775916E758}.Debug|x64.ActiveCfg = Debug|x64
		{E124E036-9479-42D2-8369-8E775916E758}.Debug|x64.Build.0 = Debug|x64
		{E124E036-9479-42D2-8369-8E775916E758}.Debug|x86.ActiveCfg = Debug|Win32
		{E124E036-9479-42D2-8369-8E775916E758}.Debug|x86.Build.0 = Debug|Win32
		{E124E036-9479-42D2-8369-8E775916E758}.Release|x64.ActiveCfg = Release|x64
		{E124E036-9479-42D2-8369-8E775916E758}.Release|x64.Build.0 = Release|x64
		{E124E036-9479-42D2-8369-8E775916E758}.Release|x86.ActiveCfg = Release|Win32
		{E124E036-9479-42D2-8369-8E775916E758}.Release|x86.Build.0 = Release|Win32
	EndGlobalSection
	GlobalSection(SolutionProperties) = preSolution
		HideSolutionNode = FALSE
	EndGlobalSection
	GlobalSection(ExtensibilityGlobals) = postSolution
		SolutionGuid = {CBE2B778-068C-4584-92BB-973351295671}
	EndGlobalSection
EndGlobal
