<?xml version="1.0" encoding="utf-8"?>
<Project ToolsVersion="4.0" xmlns="http://schemas.microsoft.com/developer/msbuild/2003">
  <ItemGroup>
    <Filter Include="Source Files">
      <UniqueIdentifier>{4FC737F1-C7A5-4376-A066-2A32D752A2FF}</UniqueIdentifier>
      <Extensions>cpp;c;cc;cxx;c++;cppm;ixx;def;odl;idl;hpj;bat;asm;asmx</Extensions>
    </Filter>
    <Filter Include="Header Files">
      <UniqueIdentifier>{93995380-89BD-4b04-88EB-625FBE52EBFB}</UniqueIdentifier>
      <Extensions>h;hh;hpp;hxx;h++;hm;inl;inc;ipp;xsd</Extensions>
    </Filter>
    <Filter Include="Resource Files">
      <UniqueIdentifier>{67DA6AB6-F800-4c08-8B7A-83BB121AAD01}</UniqueIdentifier>
      <Extensions>rc;ico;cur;bmp;dlg;rc2;rct;bin;rgs;gif;jpg;jpeg;jpe;resx;tiff;tif;png;wav;mfcribbon-ms</Extensions>
    </Filter>
    <Filter Include="State">
      <UniqueIdentifier>{b215f3dc-4eb7-47eb-8a0e-14f38f77e583}</UniqueIdentifier>
    </Filter>
    <Filter Include="Player">
      <UniqueIdentifier>{0ee3bf08-2c6b-4c70-834d-367bc5073582}</UniqueIdentifier>
    </Filter>
    <Filter Include="Enemy">
      <UniqueIdentifier>{a09600f0-8b28-4cfa-a4cc-3b55c1836111}</UniqueIdentifier>
    </Filter>
    <Filter Include="Gui">
      <UniqueIdentifier>{15a2899f-0448-4c1f-afdd-6ffe42d1f51a}</UniqueIdentifier>
    </Filter>
    <Filter Include="Map">
      <UniqueIdentifier>{290383d7-7a1e-426e-a2e3-9526ee26589a}</UniqueIdentifier>
    </Filter>
  </ItemGroup>
  <ItemGroup>
    <ClCompile Include="main.cpp">
      <Filter>Source Files</Filter>
    </ClCompile>
    <ClCompile Include="includeAll.cpp">
      <Filter>Source Files</Filter>
    </ClCompile>
    <ClCompile Include="Game.cpp">
      <Filter>Source Files</Filter>
    </ClCompile>
    <ClCompile Include="State.cpp">
      <Filter>State</Filter>
    </ClCompile>
    <ClCompile Include="GameState.cpp">
      <Filter>State</Filter>
    </ClCompile>
    <ClCompile Include="MainMenuState.cpp">
      <Filter>State</Filter>
    </ClCompile>
    <ClCompile Include="Player.cpp">
      <Filter>Player</Filter>
    </ClCompile>
    <ClCompile Include="CreditsState.cpp">
      <Filter>State</Filter>
    </ClCompile>
    <ClCompile Include="ControlState.cpp">
      <Filter>State</Filter>
    </ClCompile>
    <ClCompile Include="SettingState.cpp">
      <Filter>State</Filter>
    </ClCompile>
    <ClCompile Include="PauseMenu.cpp">
      <Filter>Gui</Filter>
    </ClCompile>
    <ClCompile Include="GraphicsSettings.cpp">
      <Filter>Resource Files</Filter>
    </ClCompile>
    <ClCompile Include="Gui.cpp">
      <Filter>Resource Files</Filter>
    </ClCompile>
    <ClCompile Include="Enemy.cpp">
      <Filter>Enemy</Filter>
    </ClCompile>
    <ClCompile Include="Map1.cpp">
      <Filter>Map</Filter>
    </ClCompile>
    <ClCompile Include="Map2.cpp">
      <Filter>Map</Filter>
    </ClCompile>
    <ClCompile Include="Map3.cpp">
      <Filter>Map</Filter>
    </ClCompile>
    <ClCompile Include="Map.cpp">
      <Filter>Map</Filter>
    </ClCompile>
  </ItemGroup>
  <ItemGroup>
    <ClInclude Include="includeAll.h">
      <Filter>Header Files</Filter>
    </ClInclude>
    <ClInclude Include="Game.h">
      <Filter>Header Files</Filter>
    </ClInclude>
    <ClInclude Include="State.h">
      <Filter>State</Filter>
    </ClInclude>
    <ClInclude Include="GameState.h">
      <Filter>State</Filter>
    </ClInclude>
    <ClInclude Include="MainMenuState.h">
      <Filter>State</Filter>
    </ClInclude>
    <ClInclude Include="Player.h">
      <Filter>Player</Filter>
    </ClInclude>
    <ClInclude Include="CreditsState.h">
      <Filter>State</Filter>
    </ClInclude>
    <ClInclude Include="ControlState.h">
      <Filter>State</Filter>
    </ClInclude>
    <ClInclude Include="SettingState.h">
      <Filter>State</Filter>
    </ClInclude>
    <ClInclude Include="PauseMenu.h">
      <Filter>Gui</Filter>
    </ClInclude>
    <ClInclude Include="GraphicsSettings.h">
      <Filter>Resource Files</Filter>
    </ClInclude>
    <ClInclude Include="Gui.h">
      <Filter>Resource Files</Filter>
    </ClInclude>
    <ClInclude Include="Enemy.h">
      <Filter>Enemy</Filter>
    </ClInclude>
    <ClInclude Include="Map1.h">
      <Filter>Map</Filter>
    </ClInclude>
    <ClInclude Include="Map2.h">
      <Filter>Map</Filter>
    </ClInclude>
    <ClInclude Include="Map3.h">
      <Filter>Map</Filter>
    </ClInclude>
    <ClInclude Include="Map.h">
      <Filter>Map</Filter>
    </ClInclude>
  </ItemGroup>
</Project>